
Microsoft Visual Studio Solution File, Format Version 12.00
# Visual Studio Version 16
VisualStudioVersion = 16.0.29519.181
MinimumVisualStudioVersion = 10.0.40219.1
Project("{FAE04EC0-301F-11D3-BF4B-00C04F79EFBC}") = "OrchidNursery", "OrchidNursery\OrchidNursery.csproj", "{75648E9F-CBB5-4B3D-B080-45086FCC7799}"
EndProject
Project("{FAE04EC0-301F-11D3-BF4B-00C04F79EFBC}") = "OrchidModel", "OrchidModel\OrchidModel.csproj", "{F563B4C3-1C66-4503-AB22-94F2D8A795A7}"
EndProject
Global
	GlobalSection(SolutionConfigurationPlatforms) = preSolution
		Debug|Any CPU = Debug|Any CPU
		Release|Any CPU = Release|Any CPU
	EndGlobalSection
	GlobalSection(ProjectConfigurationPlatforms) = postSolution
		{75648E9F-CBB5-4B3D-B080-45086FCC7799}.Debug|Any CPU.ActiveCfg = Debug|Any CPU
		{75648E9F-CBB5-4B3D-B080-45086FCC7799}.Debug|Any CPU.Build.0 = Debug|Any CPU
		{75648E9F-CBB5-4B3D-B080-45086FCC7799}.Release|Any CPU.ActiveCfg = Release|Any CPU
		{75648E9F-CBB5-4B3D-B080-45086FCC7799}.Release|Any CPU.Build.0 = Release|Any CPU
		{F563B4C3-1C66-4503-AB22-94F2D8A795A7}.Debug|Any CPU.ActiveCfg = Debug|Any CPU
		{F563B4C3-1C66-4503-AB22-94F2D8A795A7}.Debug|Any CPU.Build.0 = Debug|Any CPU
		{F563B4C3-1C66-4503-AB22-94F2D8A795A7}.Release|Any CPU.ActiveCfg = Release|Any CPU
		{F563B4C3-1C66-4503-AB22-94F2D8A795A7}.Release|Any CPU.Build.0 = Release|Any CPU
	EndGlobalSection
	GlobalSection(SolutionProperties) = preSolution
		HideSolutionNode = FALSE
	EndGlobalSection
	GlobalSection(ExtensibilityGlobals) = postSolution
		SolutionGuid = {AA401CB6-5061-432C-BE9F-3FFB434CE325}
	EndGlobalSection
EndGlobal
